PODS:
  - UICKeyChainStore (2.2.1)

DEPENDENCIES:
  - UICKeyChainStore (~> 2.1)

SPEC REPOS:
  https://github.com/CocoaPods/Specs.git:
    - UICKeyChainStore

SPEC CHECKSUMS:
  UICKeyChainStore: ba3bff2c762b12db1e516f395c837dd25298b05e

PODFILE CHECKSUM: 2da6aad10c5e01fd6c549cdc4ee0dd5c4f1992d6

COCOAPODS: 1.16.2
