PODS:
  - AFNetworking (1.2.1)
  - MBProgressHUD (0.9.2)
  - UICKeyChainStore (2.1.0)

DEPENDENCIES:
  - AFNetworking (~> 1.2.1)
  - MBProgressHUD (~> 0.9.2)
  - UICKeyChainStore (~> 2.1.0)

SPEC CHECKSUMS:
  AFNetworking: f60a525e16c10e857523265c3a77ad5cc6a91e82
  MBProgressHUD: 1569cf7ace17a8bac47aabfbb8580a49690386d1
  UICKeyChainStore: f1cbd42216a113f0165de1e733e62905b8823432

PODFILE CHECKSUM: 635b32ce29c80db5d310b9221f3a136d86889627

COCOAPODS: 1.2.0
